
Microsoft Visual Studio Solution File, Format Version 12.00
# Visual Studio Version 17
VisualStudioVersion = 17.9.34728.123
MinimumVisualStudioVersion = 10.0.40219.1
Project("{FAE04EC0-301F-11D3-BF4B-00C04F79EFBC}") = "Lab3_zad1", "Lab3_zad1\Lab3_zad1.csproj", "{A3C9D427-990D-432D-9934-DC6FFD60C45E}"
EndProject
Global
	GlobalSection(SolutionConfigurationPlatforms) = preSolution
		Debug|Any CPU = Debug|Any CPU
		Release|Any CPU = Release|Any CPU
	EndGlobalSection
	GlobalSection(ProjectConfigurationPlatforms) = postSolution
		{A3C9D427-990D-432D-9934-DC6FFD60C45E}.Debug|Any CPU.ActiveCfg = Debug|Any CPU
		{A3C9D427-990D-432D-9934-DC6FFD60C45E}.Debug|Any CPU.Build.0 = Debug|Any CPU
		{A3C9D427-990D-432D-9934-DC6FFD60C45E}.Release|Any CPU.ActiveCfg = Release|Any CPU
		{A3C9D427-990D-432D-9934-DC6FFD60C45E}.Release|Any CPU.Build.0 = Release|Any CPU
	EndGlobalSection
	GlobalSection(SolutionProperties) = preSolution
		HideSolutionNode = FALSE
	EndGlobalSection
	GlobalSection(ExtensibilityGlobals) = postSolution
		SolutionGuid = {D34268F7-E77D-4A8A-9B71-8A58335E0DE6}
	EndGlobalSection
EndGlobal
